
Microsoft Visual Studio Solution File, Format Version 12.00
# Visual Studio Version 17
VisualStudioVersion = 17.3.32922.545
MinimumVisualStudioVersion = 10.0.40219.1
Project("{8BC9CEB8-8B4A-11D0-8D11-00A0C91BC942}") = "String", "String\String.vcxproj", "{AE93CBBE-1B85-4572-915F-6CBF5E872A60}"
EndProject
Global
	GlobalSection(SolutionConfigurationPlatforms) = preSolution
		Debug|x64 = Debug|x64
		Debug|x86 = Debug|x86
		Release|x64 = Release|x64
		Release|x86 = Release|x86
	EndGlobalSection
	GlobalSection(ProjectConfigurationPlatforms) = postSolution
		{AE93CBBE-1B85-4572-915F-6CBF5E872A60}.Debug|x64.ActiveCfg = Debug|x64
		{AE93CBBE-1B85-4572-915F-6CBF5E872A60}.Debug|x64.Build.0 = Debug|x64
		{AE93CBBE-1B85-4572-915F-6CBF5E872A60}.Debug|x86.ActiveCfg = Debug|Win32
		{AE93CBBE-1B85-4572-915F-6CBF5E872A60}.Debug|x86.Build.0 = Debug|Win32
		{AE93CBBE-1B85-4572-915F-6CBF5E872A60}.Release|x64.ActiveCfg = Release|x64
		{AE93CBBE-1B85-4572-915F-6CBF5E872A60}.Release|x64.Build.0 = Release|x64
		{AE93CBBE-1B85-4572-915F-6CBF5E872A60}.Release|x86.ActiveCfg = Release|Win32
		{AE93CBBE-1B85-4572-915F-6CBF5E872A60}.Release|x86.Build.0 = Release|Win32
	EndGlobalSection
	GlobalSection(SolutionProperties) = preSolution
		HideSolutionNode = FALSE
	EndGlobalSection
	GlobalSection(ExtensibilityGlobals) = postSolution
		SolutionGuid = {49A04C68-EB52-4ECF-8BFF-5BB09BE2A03F}
	EndGlobalSection
EndGlobal
